{
  "name": "targetpackage",
  "version": "1.0.0",
  "lockfileVersion": 3,
  "requires": true,
  "packages": {
    "": {
      "name": "targetpackage",
      "version": "1.0.0",
      "license": "ISC",
      "dependencies": {
        "helloworldaddon": "file:../HelloWorldAddon"
      }
    },
    "../HelloWorldAddon": {
      "version": "1.0.0",
      "hasInstallScript": true,
      "license": "ISC",
      "dependencies": {
        "node-addon-api": "^7.0.0",
        "node-gyp": "^10.0.1"
      }
    },
    "node_modules/helloworldaddon": {
      "resolved": "../HelloWorldAddon",
      "link": true
    }
  }
}
